// !$*UTF8*$!
{
	archiveVersion = 1;
	classes = {
	};
	objectVersion = 48;
	objects = {

/* Begin PBXBuildFile section */
		575F10A4203ED2DE001BAA9B /* AppDelegate.swift in Sources */ = {isa = PBXBuildFile; fileRef = 575F10A3203ED2DE001BAA9B /* AppDelegate.swift */; };
		575F10A9203ED2DE001BAA9B /* Main.storyboard in Resources */ = {isa = PBXBuildFile; fileRef = 575F10A7203ED2DE001BAA9B /* Main.storyboard */; };
		575F10AC203ED2DE001BAA9B /* Collector.xcdatamodeld in Sources */ = {isa = PBXBuildFile; fileRef = 575F10AA203ED2DE001BAA9B /* Collector.xcdatamodeld */; };
		575F10AE203ED2DE001BAA9B /* Assets.xcassets in Resources */ = {isa = PBXBuildFile; fileRef = 575F10AD203ED2DE001BAA9B /* Assets.xcassets */; };
		575F10B1203ED2DE001BAA9B /* LaunchScreen.storyboard in Resources */ = {isa = PBXBuildFile; fileRef = 575F10AF203ED2DE001BAA9B /* LaunchScreen.storyboard */; };
		57BB9A7F20400EF1003A79F7 /* ImageViewController.swift in Sources */ = {isa = PBXBuildFile; fileRef = 57BB9A7E20400EF1003A79F7 /* ImageViewController.swift */; };
		57BB9A8720401AE2003A79F7 /* ImagesTableTableViewController.swift in Sources */ = {isa = PBXBuildFile; fileRef = 57BB9A8620401AE2003A79F7 /* ImagesTableTableViewController.swift */; };
/* End PBXBuildFile section */

/* Begin PBXFileReference section */
		575F10A0203ED2DE001BAA9B /* Collector.app */ = {isa = PBXFileReference; explicitFileType = wrapper.application; includeInIndex = 0; path = Collector.app; sourceTree = BUILT_PRODUCTS_DIR; };
		575F10A3203ED2DE001BAA9B /* AppDelegate.swift */ = {isa = PBXFileReference; lastKnownFileType = sourcecode.swift; path = AppDelegate.swift; sourceTree = "<group>"; };
		575F10A8203ED2DE001BAA9B /* Base */ = {isa = PBXFileReference; lastKnownFileType = file.storyboard; name = Base; path = Base.lproj/Main.storyboard; sourceTree = "<group>"; };
		575F10AB203ED2DE001BAA9B /* Collector.xcdatamodel */ = {isa = PBXFileReference; lastKnownFileType = wrapper.xcdatamodel; path = Collector.xcdatamodel; sourceTree = "<group>"; };
		575F10AD203ED2DE001BAA9B /* Assets.xcassets */ = {isa = PBXFileReference; lastKnownFileType = folder.assetcatalog; path = Assets.xcassets; sourceTree = "<group>"; };
		575F10B0203ED2DE001BAA9B /* Base */ = {isa = PBXFileReference; lastKnownFileType = file.storyboard; name = Base; path = Base.lproj/LaunchScreen.storyboard; sourceTree = "<group>"; };
		575F10B2203ED2DE001BAA9B /* Info.plist */ = {isa = PBXFileReference; lastKnownFileType = text.plist.xml; path = Info.plist; sourceTree = "<group>"; };
		57BB9A7E20400EF1003A79F7 /* ImageViewController.swift */ = {isa = PBXFileReference; lastKnownFileType = sourcecode.swift; path = ImageViewController.swift; sourceTree = "<group>"; };
		57BB9A8620401AE2003A79F7 /* ImagesTableTableViewController.swift */ = {isa = PBXFileReference; lastKnownFileType = sourcecode.swift; path = ImagesTableTableViewController.swift; sourceTree = "<group>"; };
/* End PBXFileReference section */

/* Begin PBXFrameworksBuildPhase section */
		575F109D203ED2DE001BAA9B /* Frameworks */ = {
			isa = PBXFrameworksBuildPhase;
			buildActionMask = 2147483647;
			files = (
			);
			runOnlyForDeploymentPostprocessing = 0;
		};
/* End PBXFrameworksBuildPhase section */

/* Begin PBXGroup section */
		575F1097203ED2DE001BAA9B = {
			isa = PBXGroup;
			children = (
				575F10A2203ED2DE001BAA9B /* Collector */,
				575F10A1203ED2DE001BAA9B /* Products */,
			);
			sourceTree = "<group>";
		};
		575F10A1203ED2DE001BAA9B /* Products */ = {
			isa = PBXGroup;
			children = (
				575F10A0203ED2DE001BAA9B /* Collector.app */,
			);
			name = Products;
			sourceTree = "<group>";
		};
		575F10A2203ED2DE001BAA9B /* Collector */ = {
			isa = PBXGroup;
			children = (
				575F10A3203ED2DE001BAA9B /* AppDelegate.swift */,
				57BB9A8620401AE2003A79F7 /* ImagesTableTableViewController.swift */,
				57BB9A7E20400EF1003A79F7 /* ImageViewController.swift */,
				575F10A7203ED2DE001BAA9B /* Main.storyboard */,
				575F10AF203ED2DE001BAA9B /* LaunchScreen.storyboard */,
				575F10AD203ED2DE001BAA9B /* Assets.xcassets */,
				575F10B2203ED2DE001BAA9B /* Info.plist */,
				575F10AA203ED2DE001BAA9B /* Collector.xcdatamodeld */,
			);
			path = Collector;
			sourceTree = "<group>";
		};
/* End PBXGroup section */

/* Begin PBXNativeTarget section */
		575F109F203ED2DE001BAA9B /* Collector */ = {
			isa = PBXNativeTarget;
			buildConfigurationList = 575F10B5203ED2DE001BAA9B /* Build configuration list for PBXNativeTarget "Collector" */;
			buildPhases = (
				575F109C203ED2DE001BAA9B /* Sources */,
				575F109D203ED2DE001BAA9B /* Frameworks */,
				575F109E203ED2DE001BAA9B /* Resources */,
			);
			buildRules = (
			);
			dependencies = (
			);
			name = Collector;
			productName = Collector;
			productReference = 575F10A0203ED2DE001BAA9B /* Collector.app */;
			productType = "com.apple.product-type.application";
		};
/* End PBXNativeTarget section */

/* Begin PBXProject section */
		575F1098203ED2DE001BAA9B /* Project object */ = {
			isa = PBXProject;
			attributes = {
				LastSwiftUpdateCheck = 0920;
				LastUpgradeCheck = 0920;
				ORGANIZATIONNAME = "Andy Harris";
				TargetAttributes = {
					575F109F203ED2DE001BAA9B = {
						CreatedOnToolsVersion = 9.2;
						ProvisioningStyle = Automatic;
					};
				};
			};
			buildConfigurationList = 575F109B203ED2DE001BAA9B /* Build configuration list for PBXProject "Collector" */;
			compatibilityVersion = "Xcode 8.0";
			developmentRegion = en;
			hasScannedForEncodings = 0;
			knownRegions = (
				en,
				Base,
			);
			mainGroup = 575F1097203ED2DE001BAA9B;
			productRefGroup = 575F10A1203ED2DE001BAA9B /* Products */;
			projectDirPath = "";
			projectRoot = "";
			targets = (
				575F109F203ED2DE001BAA9B /* Collector */,
			);
		};
/* End PBXProject section */

/* Begin PBXResourcesBuildPhase section */
		575F109E203ED2DE001BAA9B /* Resources */ = {
			isa = PBXResourcesBuildPhase;
			buildActionMask = 2147483647;
			files = (
				575F10B1203ED2DE001BAA9B /* LaunchScreen.storyboard in Resources */,
				575F10AE203ED2DE001BAA9B /* Assets.xcassets in Resources */,
				575F10A9203ED2DE001BAA9B /* Main.storyboard in Resources */,
			);
			runOnlyForDeploymentPostprocessing = 0;
		};
/* End PBXResourcesBuildPhase section */

/* Begin PBXSourcesBuildPhase section */
		575F109C203ED2DE001BAA9B /* Sources */ = {
			isa = PBXSourcesBuildPhase;
			buildActionMask = 2147483647;
			files = (
				57BB9A8720401AE2003A79F7 /* ImagesTableTableViewController.swift in Sources */,
				575F10AC203ED2DE001BAA9B /* Collector.xcdatamodeld in Sources */,
				57BB9A7F20400EF1003A79F7 /* ImageViewController.swift in Sources */,
				575F10A4203ED2DE001BAA9B /* AppDelegate.swift in Sources */,
			);
			runOnlyForDeploymentPostprocessing = 0;
		};
/* End PBXSourcesBuildPhase section */

/* Begin PBXVariantGroup section */
		575F10A7203ED2DE001BAA9B /* Main.storyboard */ = {
			isa = PBXVariantGroup;
			children = (
				575F10A8203ED2DE001BAA9B /* Base */,
			);
			name = Main.storyboard;
			sourceTree = "<group>";
		};
		575F10AF203ED2DE001BAA9B /* LaunchScreen.storyboard */ = {
			isa = PBXVariantGroup;
			children = (
				575F10B0203ED2DE001BAA9B /* Base */,
			);
			name = LaunchScreen.storyboard;
			sourceTree = "<group>";
		};
/* End PBXVariantGroup section */

/* Begin XCBuildConfiguration section */
		575F10B3203ED2DE001BAA9B /* Debug */ = {
			isa = XCBuildConfiguration;
			buildSettings = {
				ALWAYS_SEARCH_USER_PATHS = NO;
				CLANG_ANALYZER_NONNULL = YES;
				CLANG_ANALYZER_NUMBER_OBJECT_CONVERSION = YES_AGGRESSIVE;
				CLANG_CXX_LANGUAGE_STANDARD = "gnu++14";
				CLANG_CXX_LIBRARY = "libc++";
				CLANG_ENABLE_MODULES = YES;
				CLANG_ENABLE_OBJC_ARC = YES;
				CLANG_WARN_BLOCK_CAPTURE_AUTORELEASING = YES;
				CLANG_WARN_BOOL_CONVERSION = YES;
				CLANG_WARN_COMMA = YES;
				CLANG_WARN_CONSTANT_CONVERSION = YES;
				CLANG_WARN_DIRECT_OBJC_ISA_USAGE = YES_ERROR;
				CLANG_WARN_DOCUMENTATION_COMMENTS = YES;
				CLANG_WARN_EMPTY_BODY = YES;
				CLANG_WARN_ENUM_CONVERSION = YES;
				CLANG_WARN_INFINITE_RECURSION = YES;
				CLANG_WARN_INT_CONVERSION = YES;
				CLANG_WARN_NON_LITERAL_NULL_CONVERSION = YES;
				CLANG_WARN_OBJC_LITERAL_CONVERSION = YES;
				CLANG_WARN_OBJC_ROOT_CLASS = YES_ERROR;
				CLANG_WARN_RANGE_LOOP_ANALYSIS = YES;
				CLANG_WARN_STRICT_PROTOTYPES = YES;
				CLANG_WARN_SUSPICIOUS_MOVE = YES;
				CLANG_WARN_UNGUARDED_AVAILABILITY = YES_AGGRESSIVE;
				CLANG_WARN_UNREACHABLE_CODE = YES;
				CLANG_WARN__DUPLICATE_METHOD_MATCH = YES;
				CODE_SIGN_IDENTITY = "iPhone Developer";
				COPY_PHASE_STRIP = NO;
				DEBUG_INFORMATION_FORMAT = dwarf;
				ENABLE_STRICT_OBJC_MSGSEND = YES;
				ENABLE_TESTABILITY = YES;
				GCC_C_LANGUAGE_STANDARD = gnu11;
				GCC_DYNAMIC_NO_PIC = NO;
				GCC_NO_COMMON_BLOCKS = YES;
				GCC_OPTIMIZATION_LEVEL = 0;
				GCC_PREPROCESSOR_DEFINITIONS = (
					"DEBUG=1",
					"$(inherited)",
				);
				GCC_WARN_64_TO_32_BIT_CONVERSION = YES;
				GCC_WARN_ABOUT_RETURN_TYPE = YES_ERROR;
				GCC_WARN_UNDECLARED_SELECTOR = YES;
				GCC_WARN_UNINITIALIZED_AUTOS = YES_AGGRESSIVE;
				GCC_WARN_UNUSED_FUNCTION = YES;
				GCC_WARN_UNUSED_VARIABLE = YES;
				IPHONEOS_DEPLOYMENT_TARGET = 11.2;
				MTL_ENABLE_DEBUG_INFO = YES;
				ONLY_ACTIVE_ARCH = YES;
				SDKROOT = iphoneos;
				SWIFT_ACTIVE_COMPILATION_CONDITIONS = DEBUG;
				SWIFT_OPTIMIZATION_LEVEL = "-Onone";
			};
			name = Debug;
		};
		575F10B4203ED2DE001BAA9B /* Release */ = {
			isa = XCBuildConfiguration;
			buildSettings = {
				ALWAYS_SEARCH_USER_PATHS = NO;
				CLANG_ANALYZER_NONNULL = YES;
				CLANG_ANALYZER_NUMBER_OBJECT_CONVERSION = YES_AGGRESSIVE;
				CLANG_CXX_LANGUAGE_STANDARD = "gnu++14";
				CLANG_CXX_LIBRARY = "libc++";
				CLANG_ENABLE_MODULES = YES;
				CLANG_ENABLE_OBJC_ARC = YES;
				CLANG_WARN_BLOCK_CAPTURE_AUTORELEASING = YES;
				CLANG_WARN_BOOL_CONVERSION = YES;
				CLANG_WARN_COMMA = YES;
				CLANG_WARN_CONSTANT_CONVERSION = YES;
				CLANG_WARN_DIRECT_OBJC_ISA_USAGE = YES_ERROR;
				CLANG_WARN_DOCUMENTATION_COMMENTS = YES;
				CLANG_WARN_EMPTY_BODY = YES;
				CLANG_WARN_ENUM_CONVERSION = YES;
				CLANG_WARN_INFINITE_RECURSION = YES;
				CLANG_WARN_INT_CONVERSION = YES;
				CLANG_WARN_NON_LITERAL_NULL_CONVERSION = YES;
				CLANG_WARN_OBJC_LITERAL_CONVERSION = YES;
				CLANG_WARN_OBJC_ROOT_CLASS = YES_ERROR;
				CLANG_WARN_RANGE_LOOP_ANALYSIS = YES;
				CLANG_WARN_STRICT_PROTOTYPES = YES;
				CLANG_WARN_SUSPICIOUS_MOVE = YES;
				CLANG_WARN_UNGUARDED_AVAILABILITY = YES_AGGRESSIVE;
				CLANG_WARN_UNREACHABLE_CODE = YES;
				CLANG_WARN__DUPLICATE_METHOD_MATCH = YES;
				CODE_SIGN_IDENTITY = "iPhone Developer";
				COPY_PHASE_STRIP = NO;
				DEBUG_INFORMATION_FORMAT = "dwarf-with-dsym";
				ENABLE_NS_ASSERTIONS = NO;
				ENABLE_STRICT_OBJC_MSGSEND = YES;
				GCC_C_LANGUAGE_STANDARD = gnu11;
				GCC_NO_COMMON_BLOCKS = YES;
				GCC_WARN_64_TO_32_BIT_CONVERSION = YES;
				GCC_WARN_ABOUT_RETURN_TYPE = YES_ERROR;
				GCC_WARN_UNDECLARED_SELECTOR = YES;
				GCC_WARN_UNINITIALIZED_AUTOS = YES_AGGRESSIVE;
				GCC_WARN_UNUSED_FUNCTION = YES;
				GCC_WARN_UNUSED_VARIABLE = YES;
				IPHONEOS_DEPLOYMENT_TARGET = 11.2;
				MTL_ENABLE_DEBUG_INFO = NO;
				SDKROOT = iphoneos;
				SWIFT_OPTIMIZATION_LEVEL = "-Owholemodule";
				VALIDATE_PRODUCT = YES;
			};
			name = Release;
		};
		575F10B6203ED2DE001BAA9B /* Debug */ = {
			isa = XCBuildConfiguration;
			buildSettings = {
				ASSETCATALOG_COMPILER_APPICON_NAME = AppIcon;
				CODE_SIGN_STYLE = Automatic;
				DEVELOPMENT_TEAM = K9L5NHVLZ9;
				INFOPLIST_FILE = Collector/Info.plist;
				LD_RUNPATH_SEARCH_PATHS = "$(inherited) @executable_path/Frameworks";
				PRODUCT_BUNDLE_IDENTIFIER = com.NelsonProgrammingSystems.Collector;
				PRODUCT_NAME = "$(TARGET_NAME)";
				SWIFT_VERSION = 4.0;
				TARGETED_DEVICE_FAMILY = "1,2";
			};
			name = Debug;
		};
		575F10B7203ED2DE001BAA9B /* Release */ = {
			isa = XCBuildConfiguration;
			buildSettings = {
				ASSETCATALOG_COMPILER_APPICON_NAME = AppIcon;
				CODE_SIGN_STYLE = Automatic;
				DEVELOPMENT_TEAM = K9L5NHVLZ9;
				INFOPLIST_FILE = Collector/Info.plist;
				LD_RUNPATH_SEARCH_PATHS = "$(inherited) @executable_path/Frameworks";
				PRODUCT_BUNDLE_IDENTIFIER = com.NelsonProgrammingSystems.Collector;
				PRODUCT_NAME = "$(TARGET_NAME)";
				SWIFT_VERSION = 4.0;
				TARGETED_DEVICE_FAMILY = "1,2";
			};
			name = Release;
		};
/* End XCBuildConfiguration section */

/* Begin XCConfigurationList section */
		575F109B203ED2DE001BAA9B /* Build configuration list for PBXProject "Collector" */ = {
			isa = XCConfigurationList;
			buildConfigurations = (
				575F10B3203ED2DE001BAA9B /* Debug */,
				575F10B4203ED2DE001BAA9B /* Release */,
			);
			defaultConfigurationIsVisible = 0;
			defaultConfigurationName = Release;
		};
		575F10B5203ED2DE001BAA9B /* Build configuration list for PBXNativeTarget "Collector" */ = {
			isa = XCConfigurationList;
			buildConfigurations = (
				575F10B6203ED2DE001BAA9B /* Debug */,
				575F10B7203ED2DE001BAA9B /* Release */,
			);
			defaultConfigurationIsVisible = 0;
			defaultConfigurationName = Release;
		};
/* End XCConfigurationList section */

/* Begin XCVersionGroup section */
		575F10AA203ED2DE001BAA9B /* Collector.xcdatamodeld */ = {
			isa = XCVersionGroup;
			children = (
				575F10AB203ED2DE001BAA9B /* Collector.xcdatamodel */,
			);
			currentVersion = 575F10AB203ED2DE001BAA9B /* Collector.xcdatamodel */;
			path = Collector.xcdatamodeld;
			sourceTree = "<group>";
			versionGroupType = wrapper.xcdatamodel;
		};
/* End XCVersionGroup section */
	};
	rootObject = 575F1098203ED2DE001BAA9B /* Project object */;
}
